// !$*UTF8*$!
{
	archiveVersion = 1;
	classes = {
	};
	objectVersion = 56;
	objects = {

/* Begin PBXBuildFile section */
		9FA51FDCDB6EF162617B2CE6 /* Pods_TextMaker.framework in Frameworks */ = {isa = PBXBuildFile; fileRef = A12E3557FA3EB099780BAA67 /* Pods_TextMaker.framework */; };
		D2E2E152295293D900627183 /* AppDelegate.swift in Sources */ = {isa = PBXBuildFile; fileRef = D2E2E151295293D900627183 /* AppDelegate.swift */; };
		D2E2E154295293D900627183 /* SceneDelegate.swift in Sources */ = {isa = PBXBuildFile; fileRef = D2E2E153295293D900627183 /* SceneDelegate.swift */; };
		D2E2E156295293D900627183 /* MainViewController.swift in Sources */ = {isa = PBXBuildFile; fileRef = D2E2E155295293D900627183 /* MainViewController.swift */; };
		D2E2E15B295293DA00627183 /* Assets.xcassets in Resources */ = {isa = PBXBuildFile; fileRef = D2E2E15A295293DA00627183 /* Assets.xcassets */; };
		D2E2E15E295293DA00627183 /* LaunchScreen.storyboard in Resources */ = {isa = PBXBuildFile; fileRef = D2E2E15C295293DA00627183 /* LaunchScreen.storyboard */; };
		D2E2E16829529C4000627183 /* Coordinator.swift in Sources */ = {isa = PBXBuildFile; fileRef = D2E2E16729529C4000627183 /* Coordinator.swift */; };
		D2E2E16A29529C6600627183 /* ParentCoordinator.swift in Sources */ = {isa = PBXBuildFile; fileRef = D2E2E16929529C6600627183 /* ParentCoordinator.swift */; };
		D2E2E16C29529C9C00627183 /* AppCoordinator.swift in Sources */ = {isa = PBXBuildFile; fileRef = D2E2E16B29529C9C00627183 /* AppCoordinator.swift */; };
		D2E2E16E29529D6A00627183 /* HomeCoordinator.swift in Sources */ = {isa = PBXBuildFile; fileRef = D2E2E16D29529D6A00627183 /* HomeCoordinator.swift */; };
		D2E2E1712952A6C300627183 /* UIView +.swift in Sources */ = {isa = PBXBuildFile; fileRef = D2E2E1702952A6C300627183 /* UIView +.swift */; };
		D2E2E1762952C50300627183 /* TxtFileCell.swift in Sources */ = {isa = PBXBuildFile; fileRef = D2E2E1752952C50300627183 /* TxtFileCell.swift */; };
		D2E2E1792952D0D700627183 /* TxtFileModel.swift in Sources */ = {isa = PBXBuildFile; fileRef = D2E2E1782952D0D700627183 /* TxtFileModel.swift */; };
		D2E2E17C2952D14B00627183 /* MainSectionModel.swift in Sources */ = {isa = PBXBuildFile; fileRef = D2E2E17B2952D14B00627183 /* MainSectionModel.swift */; };
		D2E2E17F2952D81800627183 /* MainViewModel.swift in Sources */ = {isa = PBXBuildFile; fileRef = D2E2E17E2952D81800627183 /* MainViewModel.swift */; };
/* End PBXBuildFile section */

/* Begin PBXFileReference section */
		116A8B39FDCC1522C6F7C88D /* Pods-TextMaker.release.xcconfig */ = {isa = PBXFileReference; includeInIndex = 1; lastKnownFileType = text.xcconfig; name = "Pods-TextMaker.release.xcconfig"; path = "Target Support Files/Pods-TextMaker/Pods-TextMaker.release.xcconfig"; sourceTree = "<group>"; };
		8CCFCAB4D253052ECC2C20C4 /* Pods-TextMaker.debug.xcconfig */ = {isa = PBXFileReference; includeInIndex = 1; lastKnownFileType = text.xcconfig; name = "Pods-TextMaker.debug.xcconfig"; path = "Target Support Files/Pods-TextMaker/Pods-TextMaker.debug.xcconfig"; sourceTree = "<group>"; };
		A12E3557FA3EB099780BAA67 /* Pods_TextMaker.framework */ = {isa = PBXFileReference; explicitFileType = wrapper.framework; includeInIndex = 0; path = Pods_TextMaker.framework; sourceTree = BUILT_PRODUCTS_DIR; };
		D2E2E14E295293D900627183 /* TextMaker.app */ = {isa = PBXFileReference; explicitFileType = wrapper.application; includeInIndex = 0; path = TextMaker.app; sourceTree = BUILT_PRODUCTS_DIR; };
		D2E2E151295293D900627183 /* AppDelegate.swift */ = {isa = PBXFileReference; lastKnownFileType = sourcecode.swift; path = AppDelegate.swift; sourceTree = "<group>"; };
		D2E2E153295293D900627183 /* SceneDelegate.swift */ = {isa = PBXFileReference; lastKnownFileType = sourcecode.swift; path = SceneDelegate.swift; sourceTree = "<group>"; };
		D2E2E155295293D900627183 /* MainViewController.swift */ = {isa = PBXFileReference; lastKnownFileType = sourcecode.swift; path = MainViewController.swift; sourceTree = "<group>"; };
		D2E2E15A295293DA00627183 /* Assets.xcassets */ = {isa = PBXFileReference; lastKnownFileType = folder.assetcatalog; path = Assets.xcassets; sourceTree = "<group>"; };
		D2E2E15D295293DA00627183 /* Base */ = {isa = PBXFileReference; lastKnownFileType = file.storyboard; name = Base; path = Base.lproj/LaunchScreen.storyboard; sourceTree = "<group>"; };
		D2E2E15F295293DA00627183 /* Info.plist */ = {isa = PBXFileReference; lastKnownFileType = text.plist.xml; path = Info.plist; sourceTree = "<group>"; };
		D2E2E16729529C4000627183 /* Coordinator.swift */ = {isa = PBXFileReference; lastKnownFileType = sourcecode.swift; path = Coordinator.swift; sourceTree = "<group>"; };
		D2E2E16929529C6600627183 /* ParentCoordinator.swift */ = {isa = PBXFileReference; lastKnownFileType = sourcecode.swift; path = ParentCoordinator.swift; sourceTree = "<group>"; };
		D2E2E16B29529C9C00627183 /* AppCoordinator.swift */ = {isa = PBXFileReference; lastKnownFileType = sourcecode.swift; path = AppCoordinator.swift; sourceTree = "<group>"; };
		D2E2E16D29529D6A00627183 /* HomeCoordinator.swift */ = {isa = PBXFileReference; lastKnownFileType = sourcecode.swift; path = HomeCoordinator.swift; sourceTree = "<group>"; };
		D2E2E1702952A6C300627183 /* UIView +.swift */ = {isa = PBXFileReference; lastKnownFileType = sourcecode.swift; path = "UIView +.swift"; sourceTree = "<group>"; };
		D2E2E1752952C50300627183 /* TxtFileCell.swift */ = {isa = PBXFileReference; lastKnownFileType = sourcecode.swift; path = TxtFileCell.swift; sourceTree = "<group>"; };
		D2E2E1782952D0D700627183 /* TxtFileModel.swift */ = {isa = PBXFileReference; lastKnownFileType = sourcecode.swift; path = TxtFileModel.swift; sourceTree = "<group>"; };
		D2E2E17B2952D14B00627183 /* MainSectionModel.swift */ = {isa = PBXFileReference; lastKnownFileType = sourcecode.swift; path = MainSectionModel.swift; sourceTree = "<group>"; };
		D2E2E17E2952D81800627183 /* MainViewModel.swift */ = {isa = PBXFileReference; lastKnownFileType = sourcecode.swift; path = MainViewModel.swift; sourceTree = "<group>"; };
/* End PBXFileReference section */

/* Begin PBXFrameworksBuildPhase section */
		D2E2E14B295293D900627183 /* Frameworks */ = {
			isa = PBXFrameworksBuildPhase;
			buildActionMask = 2147483647;
			files = (
				9FA51FDCDB6EF162617B2CE6 /* Pods_TextMaker.framework in Frameworks */,
			);
			runOnlyForDeploymentPostprocessing = 0;
		};
/* End PBXFrameworksBuildPhase section */

/* Begin PBXGroup section */
		658F903A043822D9A3379139 /* Frameworks */ = {
			isa = PBXGroup;
			children = (
				A12E3557FA3EB099780BAA67 /* Pods_TextMaker.framework */,
			);
			name = Frameworks;
			sourceTree = "<group>";
		};
		7E8C86077C4B3E8A308F451A /* Pods */ = {
			isa = PBXGroup;
			children = (
				8CCFCAB4D253052ECC2C20C4 /* Pods-TextMaker.debug.xcconfig */,
				116A8B39FDCC1522C6F7C88D /* Pods-TextMaker.release.xcconfig */,
			);
			path = Pods;
			sourceTree = "<group>";
		};
		D2E2E145295293D900627183 = {
			isa = PBXGroup;
			children = (
				D2E2E150295293D900627183 /* TextMaker */,
				D2E2E14F295293D900627183 /* Products */,
				7E8C86077C4B3E8A308F451A /* Pods */,
				658F903A043822D9A3379139 /* Frameworks */,
			);
			sourceTree = "<group>";
		};
		D2E2E14F295293D900627183 /* Products */ = {
			isa = PBXGroup;
			children = (
				D2E2E14E295293D900627183 /* TextMaker.app */,
			);
			name = Products;
			sourceTree = "<group>";
		};
		D2E2E150295293D900627183 /* TextMaker */ = {
			isa = PBXGroup;
			children = (
				D2E2E16F2952A6B400627183 /* Extension + */,
				D2E2E16529529C2300627183 /* Coordinator */,
				D2E2E1722952C48900627183 /* PresentationLayer */,
				D2E2E1772952D0A500627183 /* DomainLayer */,
				D2E2E151295293D900627183 /* AppDelegate.swift */,
				D2E2E153295293D900627183 /* SceneDelegate.swift */,
				D2E2E15A295293DA00627183 /* Assets.xcassets */,
				D2E2E15C295293DA00627183 /* LaunchScreen.storyboard */,
				D2E2E15F295293DA00627183 /* Info.plist */,
			);
			path = TextMaker;
			sourceTree = "<group>";
		};
		D2E2E16529529C2300627183 /* Coordinator */ = {
			isa = PBXGroup;
			children = (
				D2E2E16B29529C9C00627183 /* AppCoordinator.swift */,
				D2E2E16D29529D6A00627183 /* HomeCoordinator.swift */,
				D2E2E16629529C3100627183 /* protocol */,
			);
			path = Coordinator;
			sourceTree = "<group>";
		};
		D2E2E16629529C3100627183 /* protocol */ = {
			isa = PBXGroup;
			children = (
				D2E2E16729529C4000627183 /* Coordinator.swift */,
				D2E2E16929529C6600627183 /* ParentCoordinator.swift */,
			);
			path = protocol;
			sourceTree = "<group>";
		};
		D2E2E16F2952A6B400627183 /* Extension + */ = {
			isa = PBXGroup;
			children = (
				D2E2E1702952A6C300627183 /* UIView +.swift */,
			);
			path = "Extension +";
			sourceTree = "<group>";
		};
		D2E2E1722952C48900627183 /* PresentationLayer */ = {
			isa = PBXGroup;
			children = (
				D2E2E1732952C49000627183 /* MainScene */,
			);
			path = PresentationLayer;
			sourceTree = "<group>";
		};
		D2E2E1732952C49000627183 /* MainScene */ = {
			isa = PBXGroup;
			children = (
				D2E2E17D2952D80C00627183 /* ViewModel */,
				D2E2E1742952C4B600627183 /* View */,
			);
			path = MainScene;
			sourceTree = "<group>";
		};
		D2E2E1742952C4B600627183 /* View */ = {
			isa = PBXGroup;
			children = (
				D2E2E155295293D900627183 /* MainViewController.swift */,
				D2E2E1752952C50300627183 /* TxtFileCell.swift */,
			);
			path = View;
			sourceTree = "<group>";
		};
		D2E2E1772952D0A500627183 /* DomainLayer */ = {
			isa = PBXGroup;
			children = (
				D2E2E17A2952D0DD00627183 /* Model */,
			);
			path = DomainLayer;
			sourceTree = "<group>";
		};
		D2E2E17A2952D0DD00627183 /* Model */ = {
			isa = PBXGroup;
			children = (
				D2E2E1782952D0D700627183 /* TxtFileModel.swift */,
				D2E2E17B2952D14B00627183 /* MainSectionModel.swift */,
			);
			path = Model;
			sourceTree = "<group>";
		};
		D2E2E17D2952D80C00627183 /* ViewModel */ = {
			isa = PBXGroup;
			children = (
				D2E2E17E2952D81800627183 /* MainViewModel.swift */,
			);
			path = ViewModel;
			sourceTree = "<group>";
		};
/* End PBXGroup section */

/* Begin PBXNativeTarget section */
		D2E2E14D295293D900627183 /* TextMaker */ = {
			isa = PBXNativeTarget;
			buildConfigurationList = D2E2E162295293DA00627183 /* Build configuration list for PBXNativeTarget "TextMaker" */;
			buildPhases = (
				42C21E0F34A57308CE41E96D /* [CP] Check Pods Manifest.lock */,
				D2E2E14A295293D900627183 /* Sources */,
				D2E2E14B295293D900627183 /* Frameworks */,
				D2E2E14C295293D900627183 /* Resources */,
				EF040AF9F51A01A866C15967 /* [CP] Embed Pods Frameworks */,
			);
			buildRules = (
			);
			dependencies = (
			);
			name = TextMaker;
			productName = TextMaker;
			productReference = D2E2E14E295293D900627183 /* TextMaker.app */;
			productType = "com.apple.product-type.application";
		};
/* End PBXNativeTarget section */

/* Begin PBXProject section */
		D2E2E146295293D900627183 /* Project object */ = {
			isa = PBXProject;
			attributes = {
				BuildIndependentTargetsInParallel = 1;
				LastSwiftUpdateCheck = 1410;
				LastUpgradeCheck = 1410;
				TargetAttributes = {
					D2E2E14D295293D900627183 = {
						CreatedOnToolsVersion = 14.1;
					};
				};
			};
			buildConfigurationList = D2E2E149295293D900627183 /* Build configuration list for PBXProject "TextMaker" */;
			compatibilityVersion = "Xcode 14.0";
			developmentRegion = en;
			hasScannedForEncodings = 0;
			knownRegions = (
				en,
				Base,
			);
			mainGroup = D2E2E145295293D900627183;
			productRefGroup = D2E2E14F295293D900627183 /* Products */;
			projectDirPath = "";
			projectRoot = "";
			targets = (
				D2E2E14D295293D900627183 /* TextMaker */,
			);
		};
/* End PBXProject section */

/* Begin PBXResourcesBuildPhase section */
		D2E2E14C295293D900627183 /* Resources */ = {
			isa = PBXResourcesBuildPhase;
			buildActionMask = 2147483647;
			files = (
				D2E2E15E295293DA00627183 /* LaunchScreen.storyboard in Resources */,
				D2E2E15B295293DA00627183 /* Assets.xcassets in Resources */,
			);
			runOnlyForDeploymentPostprocessing = 0;
		};
/* End PBXResourcesBuildPhase section */

/* Begin PBXShellScriptBuildPhase section */
		42C21E0F34A57308CE41E96D /* [CP] Check Pods Manifest.lock */ = {
			isa = PBXShellScriptBuildPhase;
			buildActionMask = 2147483647;
			files = (
			);
			inputFileListPaths = (
			);
			inputPaths = (
				"${PODS_PODFILE_DIR_PATH}/Podfile.lock",
				"${PODS_ROOT}/Manifest.lock",
			);
			name = "[CP] Check Pods Manifest.lock";
			outputFileListPaths = (
			);
			outputPaths = (
				"$(DERIVED_FILE_DIR)/Pods-TextMaker-checkManifestLockResult.txt",
			);
			runOnlyForDeploymentPostprocessing = 0;
			shellPath = /bin/sh;
			shellScript = "diff \"${PODS_PODFILE_DIR_PATH}/Podfile.lock\" \"${PODS_ROOT}/Manifest.lock\" > /dev/null\nif [ $? != 0 ] ; then\n    # print error to STDERR\n    echo \"error: The sandbox is not in sync with the Podfile.lock. Run 'pod install' or update your CocoaPods installation.\" >&2\n    exit 1\nfi\n# This output is used by Xcode 'outputs' to avoid re-running this script phase.\necho \"SUCCESS\" > \"${SCRIPT_OUTPUT_FILE_0}\"\n";
			showEnvVarsInLog = 0;
		};
		EF040AF9F51A01A866C15967 /* [CP] Embed Pods Frameworks */ = {
			isa = PBXShellScriptBuildPhase;
			buildActionMask = 2147483647;
			files = (
			);
			inputFileListPaths = (
				"${PODS_ROOT}/Target Support Files/Pods-TextMaker/Pods-TextMaker-frameworks-${CONFIGURATION}-input-files.xcfilelist",
			);
			name = "[CP] Embed Pods Frameworks";
			outputFileListPaths = (
				"${PODS_ROOT}/Target Support Files/Pods-TextMaker/Pods-TextMaker-frameworks-${CONFIGURATION}-output-files.xcfilelist",
			);
			runOnlyForDeploymentPostprocessing = 0;
			shellPath = /bin/sh;
			shellScript = "\"${PODS_ROOT}/Target Support Files/Pods-TextMaker/Pods-TextMaker-frameworks.sh\"\n";
			showEnvVarsInLog = 0;
		};
/* End PBXShellScriptBuildPhase section */

/* Begin PBXSourcesBuildPhase section */
		D2E2E14A295293D900627183 /* Sources */ = {
			isa = PBXSourcesBuildPhase;
			buildActionMask = 2147483647;
			files = (
				D2E2E16C29529C9C00627183 /* AppCoordinator.swift in Sources */,
				D2E2E16829529C4000627183 /* Coordinator.swift in Sources */,
				D2E2E156295293D900627183 /* MainViewController.swift in Sources */,
				D2E2E1712952A6C300627183 /* UIView +.swift in Sources */,
				D2E2E152295293D900627183 /* AppDelegate.swift in Sources */,
				D2E2E17C2952D14B00627183 /* MainSectionModel.swift in Sources */,
				D2E2E1792952D0D700627183 /* TxtFileModel.swift in Sources */,
				D2E2E154295293D900627183 /* SceneDelegate.swift in Sources */,
				D2E2E16E29529D6A00627183 /* HomeCoordinator.swift in Sources */,
				D2E2E16A29529C6600627183 /* ParentCoordinator.swift in Sources */,
				D2E2E1762952C50300627183 /* TxtFileCell.swift in Sources */,
				D2E2E17F2952D81800627183 /* MainViewModel.swift in Sources */,
			);
			runOnlyForDeploymentPostprocessing = 0;
		};
/* End PBXSourcesBuildPhase section */

/* Begin PBXVariantGroup section */
		D2E2E15C295293DA00627183 /* LaunchScreen.storyboard */ = {
			isa = PBXVariantGroup;
			children = (
				D2E2E15D295293DA00627183 /* Base */,
			);
			name = LaunchScreen.storyboard;
			sourceTree = "<group>";
		};
/* End PBXVariantGroup section */

/* Begin XCBuildConfiguration section */
		D2E2E160295293DA00627183 /* Debug */ = {
			isa = XCBuildConfiguration;
			buildSettings = {
				ALWAYS_SEARCH_USER_PATHS = NO;
				CLANG_ANALYZER_NONNULL = YES;
				CLANG_ANALYZER_NUMBER_OBJECT_CONVERSION = YES_AGGRESSIVE;
				CLANG_CXX_LANGUAGE_STANDARD = "gnu++20";
				CLANG_ENABLE_MODULES = YES;
				CLANG_ENABLE_OBJC_ARC = YES;
				CLANG_ENABLE_OBJC_WEAK = YES;
				CLANG_WARN_BLOCK_CAPTURE_AUTORELEASING = YES;
				CLANG_WARN_BOOL_CONVERSION = YES;
				CLANG_WARN_COMMA = YES;
				CLANG_WARN_CONSTANT_CONVERSION = YES;
				CLANG_WARN_DEPRECATED_OBJC_IMPLEMENTATIONS = YES;
				CLANG_WARN_DIRECT_OBJC_ISA_USAGE = YES_ERROR;
				CLANG_WARN_DOCUMENTATION_COMMENTS = YES;
				CLANG_WARN_EMPTY_BODY = YES;
				CLANG_WARN_ENUM_CONVERSION = YES;
				CLANG_WARN_INFINITE_RECURSION = YES;
				CLANG_WARN_INT_CONVERSION = YES;
				CLANG_WARN_NON_LITERAL_NULL_CONVERSION = YES;
				CLANG_WARN_OBJC_IMPLICIT_RETAIN_SELF = YES;
				CLANG_WARN_OBJC_LITERAL_CONVERSION = YES;
				CLANG_WARN_OBJC_ROOT_CLASS = YES_ERROR;
				CLANG_WARN_QUOTED_INCLUDE_IN_FRAMEWORK_HEADER = YES;
				CLANG_WARN_RANGE_LOOP_ANALYSIS = YES;
				CLANG_WARN_STRICT_PROTOTYPES = YES;
				CLANG_WARN_SUSPICIOUS_MOVE = YES;
				CLANG_WARN_UNGUARDED_AVAILABILITY = YES_AGGRESSIVE;
				CLANG_WARN_UNREACHABLE_CODE = YES;
				CLANG_WARN__DUPLICATE_METHOD_MATCH = YES;
				COPY_PHASE_STRIP = NO;
				DEBUG_INFORMATION_FORMAT = dwarf;
				ENABLE_STRICT_OBJC_MSGSEND = YES;
				ENABLE_TESTABILITY = YES;
				GCC_C_LANGUAGE_STANDARD = gnu11;
				GCC_DYNAMIC_NO_PIC = NO;
				GCC_NO_COMMON_BLOCKS = YES;
				GCC_OPTIMIZATION_LEVEL = 0;
				GCC_PREPROCESSOR_DEFINITIONS = (
					"DEBUG=1",
					"$(inherited)",
				);
				GCC_WARN_64_TO_32_BIT_CONVERSION = YES;
				GCC_WARN_ABOUT_RETURN_TYPE = YES_ERROR;
				GCC_WARN_UNDECLARED_SELECTOR = YES;
				GCC_WARN_UNINITIALIZED_AUTOS = YES_AGGRESSIVE;
				GCC_WARN_UNUSED_FUNCTION = YES;
				GCC_WARN_UNUSED_VARIABLE = YES;
				IPHONEOS_DEPLOYMENT_TARGET = 16.1;
				MTL_ENABLE_DEBUG_INFO = INCLUDE_SOURCE;
				MTL_FAST_MATH = YES;
				ONLY_ACTIVE_ARCH = YES;
				SDKROOT = iphoneos;
				SWIFT_ACTIVE_COMPILATION_CONDITIONS = DEBUG;
				SWIFT_OPTIMIZATION_LEVEL = "-Onone";
			};
			name = Debug;
		};
		D2E2E161295293DA00627183 /* Release */ = {
			isa = XCBuildConfiguration;
			buildSettings = {
				ALWAYS_SEARCH_USER_PATHS = NO;
				CLANG_ANALYZER_NONNULL = YES;
				CLANG_ANALYZER_NUMBER_OBJECT_CONVERSION = YES_AGGRESSIVE;
				CLANG_CXX_LANGUAGE_STANDARD = "gnu++20";
				CLANG_ENABLE_MODULES = YES;
				CLANG_ENABLE_OBJC_ARC = YES;
				CLANG_ENABLE_OBJC_WEAK = YES;
				CLANG_WARN_BLOCK_CAPTURE_AUTORELEASING = YES;
				CLANG_WARN_BOOL_CONVERSION = YES;
				CLANG_WARN_COMMA = YES;
				CLANG_WARN_CONSTANT_CONVERSION = YES;
				CLANG_WARN_DEPRECATED_OBJC_IMPLEMENTATIONS = YES;
				CLANG_WARN_DIRECT_OBJC_ISA_USAGE = YES_ERROR;
				CLANG_WARN_DOCUMENTATION_COMMENTS = YES;
				CLANG_WARN_EMPTY_BODY = YES;
				CLANG_WARN_ENUM_CONVERSION = YES;
				CLANG_WARN_INFINITE_RECURSION = YES;
				CLANG_WARN_INT_CONVERSION = YES;
				CLANG_WARN_NON_LITERAL_NULL_CONVERSION = YES;
				CLANG_WARN_OBJC_IMPLICIT_RETAIN_SELF = YES;
				CLANG_WARN_OBJC_LITERAL_CONVERSION = YES;
				CLANG_WARN_OBJC_ROOT_CLASS = YES_ERROR;
				CLANG_WARN_QUOTED_INCLUDE_IN_FRAMEWORK_HEADER = YES;
				CLANG_WARN_RANGE_LOOP_ANALYSIS = YES;
				CLANG_WARN_STRICT_PROTOTYPES = YES;
				CLANG_WARN_SUSPICIOUS_MOVE = YES;
				CLANG_WARN_UNGUARDED_AVAILABILITY = YES_AGGRESSIVE;
				CLANG_WARN_UNREACHABLE_CODE = YES;
				CLANG_WARN__DUPLICATE_METHOD_MATCH = YES;
				COPY_PHASE_STRIP = NO;
				DEBUG_INFORMATION_FORMAT = "dwarf-with-dsym";
				ENABLE_NS_ASSERTIONS = NO;
				ENABLE_STRICT_OBJC_MSGSEND = YES;
				GCC_C_LANGUAGE_STANDARD = gnu11;
				GCC_NO_COMMON_BLOCKS = YES;
				GCC_WARN_64_TO_32_BIT_CONVERSION = YES;
				GCC_WARN_ABOUT_RETURN_TYPE = YES_ERROR;
				GCC_WARN_UNDECLARED_SELECTOR = YES;
				GCC_WARN_UNINITIALIZED_AUTOS = YES_AGGRESSIVE;
				GCC_WARN_UNUSED_FUNCTION = YES;
				GCC_WARN_UNUSED_VARIABLE = YES;
				IPHONEOS_DEPLOYMENT_TARGET = 16.1;
				MTL_ENABLE_DEBUG_INFO = NO;
				MTL_FAST_MATH = YES;
				SDKROOT = iphoneos;
				SWIFT_COMPILATION_MODE = wholemodule;
				SWIFT_OPTIMIZATION_LEVEL = "-O";
				VALIDATE_PRODUCT = YES;
			};
			name = Release;
		};
		D2E2E163295293DA00627183 /* Debug */ = {
			isa = XCBuildConfiguration;
			baseConfigurationReference = 8CCFCAB4D253052ECC2C20C4 /* Pods-TextMaker.debug.xcconfig */;
			buildSettings = {
				ASSETCATALOG_COMPILER_APPICON_NAME = AppIcon;
				ASSETCATALOG_COMPILER_GLOBAL_ACCENT_COLOR_NAME = AccentColor;
				CODE_SIGN_STYLE = Automatic;
				CURRENT_PROJECT_VERSION = 1;
				DEVELOPMENT_TEAM = 22777777KX;
				GENERATE_INFOPLIST_FILE = YES;
				INFOPLIST_FILE = TextMaker/Info.plist;
				INFOPLIST_KEY_UIApplicationSupportsIndirectInputEvents = YES;
				INFOPLIST_KEY_UILaunchStoryboardName = LaunchScreen;
				INFOPLIST_KEY_UISupportedInterfaceOrientations_iPad = "UIInterfaceOrientationPortrait UIInterfaceOrientationPortraitUpsideDown UIInterfaceOrientationLandscapeLeft UIInterfaceOrientationLandscapeRight";
				INFOPLIST_KEY_UISupportedInterfaceOrientations_iPhone = "UIInterfaceOrientationPortrait UIInterfaceOrientationLandscapeLeft UIInterfaceOrientationLandscapeRight";
				IPHONEOS_DEPLOYMENT_TARGET = 14.0;
				LD_RUNPATH_SEARCH_PATHS = (
					"$(inherited)",
					"@executable_path/Frameworks",
				);
				MARKETING_VERSION = 1.0;
				PRODUCT_BUNDLE_IDENTIFIER = com.practice.TextMaker;
				PRODUCT_NAME = "$(TARGET_NAME)";
				SWIFT_EMIT_LOC_STRINGS = YES;
				SWIFT_VERSION = 5.0;
				TARGETED_DEVICE_FAMILY = "1,2";
			};
			name = Debug;
		};
		D2E2E164295293DA00627183 /* Release */ = {
			isa = XCBuildConfiguration;
			baseConfigurationReference = 116A8B39FDCC1522C6F7C88D /* Pods-TextMaker.release.xcconfig */;
			buildSettings = {
				ASSETCATALOG_COMPILER_APPICON_NAME = AppIcon;
				ASSETCATALOG_COMPILER_GLOBAL_ACCENT_COLOR_NAME = AccentColor;
				CODE_SIGN_STYLE = Automatic;
				CURRENT_PROJECT_VERSION = 1;
				DEVELOPMENT_TEAM = 22777777KX;
				GENERATE_INFOPLIST_FILE = YES;
				INFOPLIST_FILE = TextMaker/Info.plist;
				INFOPLIST_KEY_UIApplicationSupportsIndirectInputEvents = YES;
				INFOPLIST_KEY_UILaunchStoryboardName = LaunchScreen;
				INFOPLIST_KEY_UISupportedInterfaceOrientations_iPad = "UIInterfaceOrientationPortrait UIInterfaceOrientationPortraitUpsideDown UIInterfaceOrientationLandscapeLeft UIInterfaceOrientationLandscapeRight";
				INFOPLIST_KEY_UISupportedInterfaceOrientations_iPhone = "UIInterfaceOrientationPortrait UIInterfaceOrientationLandscapeLeft UIInterfaceOrientationLandscapeRight";
				IPHONEOS_DEPLOYMENT_TARGET = 14.0;
				LD_RUNPATH_SEARCH_PATHS = (
					"$(inherited)",
					"@executable_path/Frameworks",
				);
				MARKETING_VERSION = 1.0;
				PRODUCT_BUNDLE_IDENTIFIER = com.practice.TextMaker;
				PRODUCT_NAME = "$(TARGET_NAME)";
				SWIFT_EMIT_LOC_STRINGS = YES;
				SWIFT_VERSION = 5.0;
				TARGETED_DEVICE_FAMILY = "1,2";
			};
			name = Release;
		};
/* End XCBuildConfiguration section */

/* Begin XCConfigurationList section */
		D2E2E149295293D900627183 /* Build configuration list for PBXProject "TextMaker" */ = {
			isa = XCConfigurationList;
			buildConfigurations = (
				D2E2E160295293DA00627183 /* Debug */,
				D2E2E161295293DA00627183 /* Release */,
			);
			defaultConfigurationIsVisible = 0;
			defaultConfigurationName = Release;
		};
		D2E2E162295293DA00627183 /* Build configuration list for PBXNativeTarget "TextMaker" */ = {
			isa = XCConfigurationList;
			buildConfigurations = (
				D2E2E163295293DA00627183 /* Debug */,
				D2E2E164295293DA00627183 /* Release */,
			);
			defaultConfigurationIsVisible = 0;
			defaultConfigurationName = Release;
		};
/* End XCConfigurationList section */
	};
	rootObject = D2E2E146295293D900627183 /* Project object */;
}
